
Microsoft Visual Studio Solution File, Format Version 12.00
# Visual Studio Version 17
VisualStudioVersion = 17.7.34202.233
MinimumVisualStudioVersion = 10.0.40219.1
Project("{FAE04EC0-301F-11D3-BF4B-00C04F79EFBC}") = "Practica 5", "Practica 5.csproj", "{6AD3A3C7-E097-4714-A16D-417F2357D0D0}"
EndProject
Global
	GlobalSection(SolutionConfigurationPlatforms) = preSolution
		Debug|Any CPU = Debug|Any CPU
		Release|Any CPU = Release|Any CPU
	EndGlobalSection
	GlobalSection(ProjectConfigurationPlatforms) = postSolution
		{6AD3A3C7-E097-4714-A16D-417F2357D0D0}.Debug|Any CPU.ActiveCfg = Debug|Any CPU
		{6AD3A3C7-E097-4714-A16D-417F2357D0D0}.Debug|Any CPU.Build.0 = Debug|Any CPU
		{6AD3A3C7-E097-4714-A16D-417F2357D0D0}.Release|Any CPU.ActiveCfg = Release|Any CPU
		{6AD3A3C7-E097-4714-A16D-417F2357D0D0}.Release|Any CPU.Build.0 = Release|Any CPU
	EndGlobalSection
	GlobalSection(SolutionProperties) = preSolution
		HideSolutionNode = FALSE
	EndGlobalSection
	GlobalSection(ExtensibilityGlobals) = postSolution
		SolutionGuid = {C73F3B9F-5826-4555-9385-32D17DD9C3D3}
	EndGlobalSection
EndGlobal
